
Microsoft Visual Studio Solution File, Format Version 12.00
# Visual Studio 15
VisualStudioVersion = 15.0.28307.705
MinimumVisualStudioVersion = 10.0.40219.1
Project("{8BC9CEB8-8B4A-11D0-8D11-00A0C91BC942}") = "longest_word", "longest_word\longest_word.vcxproj", "{1B4B6D64-73F5-42C3-B4C7-A62F78A6FA6C}"
EndProject
Project("{8BC9CEB8-8B4A-11D0-8D11-00A0C91BC942}") = "stock", "stock\stock.vcxproj", "{54365714-0BE9-4E1C-AFF4-3D528F028319}"
EndProject
Project("{8BC9CEB8-8B4A-11D0-8D11-00A0C91BC942}") = "ChangeLetters", "ChangeLetters\ChangeLetters.vcxproj", "{B4FE8F31-F1A4-44A8-AE84-0ACA0AE0E54E}"
EndProject
Project("{8BC9CEB8-8B4A-11D0-8D11-00A0C91BC942}") = "First_Letters_Upper_Cases", "First_Letters_Upper_Cases\First_Letters_Upper_Cases.vcxproj", "{3E92B2C5-F2FF-4D03-9E23-7D26C727FCF7}"
EndProject
Project("{8BC9CEB8-8B4A-11D0-8D11-00A0C91BC942}") = "Simple_Symbols", "Simple_Symbols\Simple_Symbols.vcxproj", "{B9C7132A-DAED-4D81-9FDA-0580BAC15794}"
EndProject
Project("{8BC9CEB8-8B4A-11D0-8D11-00A0C91BC942}") = "Check_Nums", "Check_Nums\Check_Nums.vcxproj", "{FD122200-BB8D-471B-B17B-F5FEC19881AC}"
EndProject
Global
	GlobalSection(SolutionConfigurationPlatforms) = preSolution
		Debug|x64 = Debug|x64
		Debug|x86 = Debug|x86
		Release|x64 = Release|x64
		Release|x86 = Release|x86
	EndGlobalSection
	GlobalSection(ProjectConfigurationPlatforms) = postSolution
		{1B4B6D64-73F5-42C3-B4C7-A62F78A6FA6C}.Debug|x64.ActiveCfg = Debug|x64
		{1B4B6D64-73F5-42C3-B4C7-A62F78A6FA6C}.Debug|x64.Build.0 = Debug|x64
		{1B4B6D64-73F5-42C3-B4C7-A62F78A6FA6C}.Debug|x86.ActiveCfg = Debug|Win32
		{1B4B6D64-73F5-42C3-B4C7-A62F78A6FA6C}.Debug|x86.Build.0 = Debug|Win32
		{1B4B6D64-73F5-42C3-B4C7-A62F78A6FA6C}.Release|x64.ActiveCfg = Release|x64
		{1B4B6D64-73F5-42C3-B4C7-A62F78A6FA6C}.Release|x64.Build.0 = Release|x64
		{1B4B6D64-73F5-42C3-B4C7-A62F78A6FA6C}.Release|x86.ActiveCfg = Release|Win32
		{1B4B6D64-73F5-42C3-B4C7-A62F78A6FA6C}.Release|x86.Build.0 = Release|Win32
		{54365714-0BE9-4E1C-AFF4-3D528F028319}.Debug|x64.ActiveCfg = Debug|x64
		{54365714-0BE9-4E1C-AFF4-3D528F028319}.Debug|x64.Build.0 = Debug|x64
		{54365714-0BE9-4E1C-AFF4-3D528F028319}.Debug|x86.ActiveCfg = Debug|Win32
		{54365714-0BE9-4E1C-AFF4-3D528F028319}.Debug|x86.Build.0 = Debug|Win32
		{54365714-0BE9-4E1C-AFF4-3D528F028319}.Release|x64.ActiveCfg = Release|x64
		{54365714-0BE9-4E1C-AFF4-3D528F028319}.Release|x64.Build.0 = Release|x64
		{54365714-0BE9-4E1C-AFF4-3D528F028319}.Release|x86.ActiveCfg = Release|Win32
		{54365714-0BE9-4E1C-AFF4-3D528F028319}.Release|x86.Build.0 = Release|Win32
		{B4FE8F31-F1A4-44A8-AE84-0ACA0AE0E54E}.Debug|x64.ActiveCfg = Debug|x64
		{B4FE8F31-F1A4-44A8-AE84-0ACA0AE0E54E}.Debug|x64.Build.0 = Debug|x64
		{B4FE8F31-F1A4-44A8-AE84-0ACA0AE0E54E}.Debug|x86.ActiveCfg = Debug|Win32
		{B4FE8F31-F1A4-44A8-AE84-0ACA0AE0E54E}.Debug|x86.Build.0 = Debug|Win32
		{B4FE8F31-F1A4-44A8-AE84-0ACA0AE0E54E}.Release|x64.ActiveCfg = Release|x64
		{B4FE8F31-F1A4-44A8-AE84-0ACA0AE0E54E}.Release|x64.Build.0 = Release|x64
		{B4FE8F31-F1A4-44A8-AE84-0ACA0AE0E54E}.Release|x86.ActiveCfg = Release|Win32
		{B4FE8F31-F1A4-44A8-AE84-0ACA0AE0E54E}.Release|x86.Build.0 = Release|Win32
		{3E92B2C5-F2FF-4D03-9E23-7D26C727FCF7}.Debug|x64.ActiveCfg = Debug|x64
		{3E92B2C5-F2FF-4D03-9E23-7D26C727FCF7}.Debug|x64.Build.0 = Debug|x64
		{3E92B2C5-F2FF-4D03-9E23-7D26C727FCF7}.Debug|x86.ActiveCfg = Debug|Win32
		{3E92B2C5-F2FF-4D03-9E23-7D26C727FCF7}.Debug|x86.Build.0 = Debug|Win32
		{3E92B2C5-F2FF-4D03-9E23-7D26C727FCF7}.Release|x64.ActiveCfg = Release|x64
		{3E92B2C5-F2FF-4D03-9E23-7D26C727FCF7}.Release|x64.Build.0 = Release|x64
		{3E92B2C5-F2FF-4D03-9E23-7D26C727FCF7}.Release|x86.ActiveCfg = Release|Win32
		{3E92B2C5-F2FF-4D03-9E23-7D26C727FCF7}.Release|x86.Build.0 = Release|Win32
		{B9C7132A-DAED-4D81-9FDA-0580BAC15794}.Debug|x64.ActiveCfg = Debug|x64
		{B9C7132A-DAED-4D81-9FDA-0580BAC15794}.Debug|x64.Build.0 = Debug|x64
		{B9C7132A-DAED-4D81-9FDA-0580BAC15794}.Debug|x86.ActiveCfg = Debug|Win32
		{B9C7132A-DAED-4D81-9FDA-0580BAC15794}.Debug|x86.Build.0 = Debug|Win32
		{B9C7132A-DAED-4D81-9FDA-0580BAC15794}.Release|x64.ActiveCfg = Release|x64
		{B9C7132A-DAED-4D81-9FDA-0580BAC15794}.Release|x64.Build.0 = Release|x64
		{B9C7132A-DAED-4D81-9FDA-0580BAC15794}.Release|x86.ActiveCfg = Release|Win32
		{B9C7132A-DAED-4D81-9FDA-0580BAC15794}.Release|x86.Build.0 = Release|Win32
		{FD122200-BB8D-471B-B17B-F5FEC19881AC}.Debug|x64.ActiveCfg = Debug|x64
		{FD122200-BB8D-471B-B17B-F5FEC19881AC}.Debug|x64.Build.0 = Debug|x64
		{FD122200-BB8D-471B-B17B-F5FEC19881AC}.Debug|x86.ActiveCfg = Debug|Win32
		{FD122200-BB8D-471B-B17B-F5FEC19881AC}.Debug|x86.Build.0 = Debug|Win32
		{FD122200-BB8D-471B-B17B-F5FEC19881AC}.Release|x64.ActiveCfg = Release|x64
		{FD122200-BB8D-471B-B17B-F5FEC19881AC}.Release|x64.Build.0 = Release|x64
		{FD122200-BB8D-471B-B17B-F5FEC19881AC}.Release|x86.ActiveCfg = Release|Win32
		{FD122200-BB8D-471B-B17B-F5FEC19881AC}.Release|x86.Build.0 = Release|Win32
	EndGlobalSection
	GlobalSection(SolutionProperties) = preSolution
		HideSolutionNode = FALSE
	EndGlobalSection
	GlobalSection(ExtensibilityGlobals) = postSolution
		SolutionGuid = {31F189AE-FDB3-497C-A6F2-A82BE4FC9EE6}
	EndGlobalSection
EndGlobal
