
Microsoft Visual Studio Solution File, Format Version 12.00
# Visual Studio 15
VisualStudioVersion = 15.0.28307.705
MinimumVisualStudioVersion = 10.0.40219.1
Project("{8BC9CEB8-8B4A-11D0-8D11-00A0C91BC942}") = "longest_word", "longest_word\longest_word.vcxproj", "{1B4B6D64-73F5-42C3-B4C7-A62F78A6FA6C}"
EndProject
Project("{8BC9CEB8-8B4A-11D0-8D11-00A0C91BC942}") = "stock", "stock\stock.vcxproj", "{54365714-0BE9-4E1C-AFF4-3D528F028319}"
EndProject
Project("{8BC9CEB8-8B4A-11D0-8D11-00A0C91BC942}") = "ChangeLetters", "ChangeLetters\ChangeLetters.vcxproj", "{B4FE8F31-F1A4-44A8-AE84-0ACA0AE0E54E}"
EndProject
Project("{8BC9CEB8-8B4A-11D0-8D11-00A0C91BC942}") = "SimpleSymbols", "SimpleSymbols\SimpleSymbols.vcxproj", "{0008AC3E-E810-4D65-86C9-EA96CFAEAC9B}"
EndProject
Project("{8BC9CEB8-8B4A-11D0-8D11-00A0C91BC942}") = "Check_Nums", "CheckNums\CheckNums.vcxproj", "{352508E4-6843-48C5-957F-FAE2F4766FFB}"
EndProject
Project("{8BC9CEB8-8B4A-11D0-8D11-00A0C91BC942}") = "Time_Convert", "Time_Convert\Time_Convert.vcxproj", "{4DF9C770-F743-4430-8413-24E38134F018}"
EndProject
Project("{8BC9CEB8-8B4A-11D0-8D11-00A0C91BC942}") = "AlphabetSoup", "AlphabetSoup\AlphabetSoup.vcxproj", "{92A16667-A635-469A-9757-9148B8B3308E}"
EndProject
Project("{8BC9CEB8-8B4A-11D0-8D11-00A0C91BC942}") = "Copy_Constructor", "Copy_Constructor\Copy_Constructor.vcxproj", "{4BCDE4C6-1BED-44E2-BC43-9D7F6D04715F}"
EndProject
Global
	GlobalSection(SolutionConfigurationPlatforms) = preSolution
		Debug|x64 = Debug|x64
		Debug|x86 = Debug|x86
		Release|x64 = Release|x64
		Release|x86 = Release|x86
	EndGlobalSection
	GlobalSection(ProjectConfigurationPlatforms) = postSolution
		{1B4B6D64-73F5-42C3-B4C7-A62F78A6FA6C}.Debug|x64.ActiveCfg = Debug|x64
		{1B4B6D64-73F5-42C3-B4C7-A62F78A6FA6C}.Debug|x64.Build.0 = Debug|x64
		{1B4B6D64-73F5-42C3-B4C7-A62F78A6FA6C}.Debug|x86.ActiveCfg = Debug|Win32
		{1B4B6D64-73F5-42C3-B4C7-A62F78A6FA6C}.Debug|x86.Build.0 = Debug|Win32
		{1B4B6D64-73F5-42C3-B4C7-A62F78A6FA6C}.Release|x64.ActiveCfg = Release|x64
		{1B4B6D64-73F5-42C3-B4C7-A62F78A6FA6C}.Release|x64.Build.0 = Release|x64
		{1B4B6D64-73F5-42C3-B4C7-A62F78A6FA6C}.Release|x86.ActiveCfg = Release|Win32
		{1B4B6D64-73F5-42C3-B4C7-A62F78A6FA6C}.Release|x86.Build.0 = Release|Win32
		{54365714-0BE9-4E1C-AFF4-3D528F028319}.Debug|x64.ActiveCfg = Debug|x64
		{54365714-0BE9-4E1C-AFF4-3D528F028319}.Debug|x64.Build.0 = Debug|x64
		{54365714-0BE9-4E1C-AFF4-3D528F028319}.Debug|x86.ActiveCfg = Debug|Win32
		{54365714-0BE9-4E1C-AFF4-3D528F028319}.Debug|x86.Build.0 = Debug|Win32
		{54365714-0BE9-4E1C-AFF4-3D528F028319}.Release|x64.ActiveCfg = Release|x64
		{54365714-0BE9-4E1C-AFF4-3D528F028319}.Release|x64.Build.0 = Release|x64
		{54365714-0BE9-4E1C-AFF4-3D528F028319}.Release|x86.ActiveCfg = Release|Win32
		{54365714-0BE9-4E1C-AFF4-3D528F028319}.Release|x86.Build.0 = Release|Win32
		{B4FE8F31-F1A4-44A8-AE84-0ACA0AE0E54E}.Debug|x64.ActiveCfg = Debug|x64
		{B4FE8F31-F1A4-44A8-AE84-0ACA0AE0E54E}.Debug|x64.Build.0 = Debug|x64
		{B4FE8F31-F1A4-44A8-AE84-0ACA0AE0E54E}.Debug|x86.ActiveCfg = Debug|Win32
		{B4FE8F31-F1A4-44A8-AE84-0ACA0AE0E54E}.Debug|x86.Build.0 = Debug|Win32
		{B4FE8F31-F1A4-44A8-AE84-0ACA0AE0E54E}.Release|x64.ActiveCfg = Release|x64
		{B4FE8F31-F1A4-44A8-AE84-0ACA0AE0E54E}.Release|x64.Build.0 = Release|x64
		{B4FE8F31-F1A4-44A8-AE84-0ACA0AE0E54E}.Release|x86.ActiveCfg = Release|Win32
		{B4FE8F31-F1A4-44A8-AE84-0ACA0AE0E54E}.Release|x86.Build.0 = Release|Win32
		{0008AC3E-E810-4D65-86C9-EA96CFAEAC9B}.Debug|x64.ActiveCfg = Debug|x64
		{0008AC3E-E810-4D65-86C9-EA96CFAEAC9B}.Debug|x64.Build.0 = Debug|x64
		{0008AC3E-E810-4D65-86C9-EA96CFAEAC9B}.Debug|x86.ActiveCfg = Debug|Win32
		{0008AC3E-E810-4D65-86C9-EA96CFAEAC9B}.Debug|x86.Build.0 = Debug|Win32
		{0008AC3E-E810-4D65-86C9-EA96CFAEAC9B}.Release|x64.ActiveCfg = Release|x64
		{0008AC3E-E810-4D65-86C9-EA96CFAEAC9B}.Release|x64.Build.0 = Release|x64
		{0008AC3E-E810-4D65-86C9-EA96CFAEAC9B}.Release|x86.ActiveCfg = Release|Win32
		{0008AC3E-E810-4D65-86C9-EA96CFAEAC9B}.Release|x86.Build.0 = Release|Win32
		{352508E4-6843-48C5-957F-FAE2F4766FFB}.Debug|x64.ActiveCfg = Debug|x64
		{352508E4-6843-48C5-957F-FAE2F4766FFB}.Debug|x64.Build.0 = Debug|x64
		{352508E4-6843-48C5-957F-FAE2F4766FFB}.Debug|x86.ActiveCfg = Debug|Win32
		{352508E4-6843-48C5-957F-FAE2F4766FFB}.Debug|x86.Build.0 = Debug|Win32
		{352508E4-6843-48C5-957F-FAE2F4766FFB}.Release|x64.ActiveCfg = Release|x64
		{352508E4-6843-48C5-957F-FAE2F4766FFB}.Release|x64.Build.0 = Release|x64
		{352508E4-6843-48C5-957F-FAE2F4766FFB}.Release|x86.ActiveCfg = Release|Win32
		{352508E4-6843-48C5-957F-FAE2F4766FFB}.Release|x86.Build.0 = Release|Win32
		{4DF9C770-F743-4430-8413-24E38134F018}.Debug|x64.ActiveCfg = Debug|x64
		{4DF9C770-F743-4430-8413-24E38134F018}.Debug|x64.Build.0 = Debug|x64
		{4DF9C770-F743-4430-8413-24E38134F018}.Debug|x86.ActiveCfg = Debug|Win32
		{4DF9C770-F743-4430-8413-24E38134F018}.Debug|x86.Build.0 = Debug|Win32
		{4DF9C770-F743-4430-8413-24E38134F018}.Release|x64.ActiveCfg = Release|x64
		{4DF9C770-F743-4430-8413-24E38134F018}.Release|x64.Build.0 = Release|x64
		{4DF9C770-F743-4430-8413-24E38134F018}.Release|x86.ActiveCfg = Release|Win32
		{4DF9C770-F743-4430-8413-24E38134F018}.Release|x86.Build.0 = Release|Win32
		{92A16667-A635-469A-9757-9148B8B3308E}.Debug|x64.ActiveCfg = Debug|x64
		{92A16667-A635-469A-9757-9148B8B3308E}.Debug|x64.Build.0 = Debug|x64
		{92A16667-A635-469A-9757-9148B8B3308E}.Debug|x86.ActiveCfg = Debug|Win32
		{92A16667-A635-469A-9757-9148B8B3308E}.Debug|x86.Build.0 = Debug|Win32
		{92A16667-A635-469A-9757-9148B8B3308E}.Release|x64.ActiveCfg = Release|x64
		{92A16667-A635-469A-9757-9148B8B3308E}.Release|x64.Build.0 = Release|x64
		{92A16667-A635-469A-9757-9148B8B3308E}.Release|x86.ActiveCfg = Release|Win32
		{92A16667-A635-469A-9757-9148B8B3308E}.Release|x86.Build.0 = Release|Win32
		{4BCDE4C6-1BED-44E2-BC43-9D7F6D04715F}.Debug|x64.ActiveCfg = Debug|x64
		{4BCDE4C6-1BED-44E2-BC43-9D7F6D04715F}.Debug|x64.Build.0 = Debug|x64
		{4BCDE4C6-1BED-44E2-BC43-9D7F6D04715F}.Debug|x86.ActiveCfg = Debug|Win32
		{4BCDE4C6-1BED-44E2-BC43-9D7F6D04715F}.Debug|x86.Build.0 = Debug|Win32
		{4BCDE4C6-1BED-44E2-BC43-9D7F6D04715F}.Release|x64.ActiveCfg = Release|x64
		{4BCDE4C6-1BED-44E2-BC43-9D7F6D04715F}.Release|x64.Build.0 = Release|x64
		{4BCDE4C6-1BED-44E2-BC43-9D7F6D04715F}.Release|x86.ActiveCfg = Release|Win32
		{4BCDE4C6-1BED-44E2-BC43-9D7F6D04715F}.Release|x86.Build.0 = Release|Win32
	EndGlobalSection
	GlobalSection(SolutionProperties) = preSolution
		HideSolutionNode = FALSE
	EndGlobalSection
	GlobalSection(ExtensibilityGlobals) = postSolution
		SolutionGuid = {31F189AE-FDB3-497C-A6F2-A82BE4FC9EE6}
	EndGlobalSection
EndGlobal
